
Microsoft Visual Studio Solution File, Format Version 12.00
# Visual Studio 15
VisualStudioVersion = 15.0.27703.2000
MinimumVisualStudioVersion = 10.0.40219.1
Project("{FAE04EC0-301F-11D3-BF4B-00C04F79EFBC}") = "PaymentSensePedTest", "PaymentSensePedTest.csproj", "{B70B51A5-B99C-4074-9A22-1392486BE0F5}"
EndProject
Global
	GlobalSection(SolutionConfigurationPlatforms) = preSolution
		Debug|Any CPU = Debug|Any CPU
		Release|Any CPU = Release|Any CPU
	EndGlobalSection
	GlobalSection(ProjectConfigurationPlatforms) = postSolution
		{B70B51A5-B99C-4074-9A22-1392486BE0F5}.Debug|Any CPU.ActiveCfg = Debug|Any CPU
		{B70B51A5-B99C-4074-9A22-1392486BE0F5}.Debug|Any CPU.Build.0 = Debug|Any CPU
		{B70B51A5-B99C-4074-9A22-1392486BE0F5}.Release|Any CPU.ActiveCfg = Release|Any CPU
		{B70B51A5-B99C-4074-9A22-1392486BE0F5}.Release|Any CPU.Build.0 = Release|Any CPU
	EndGlobalSection
	GlobalSection(SolutionProperties) = preSolution
		HideSolutionNode = FALSE
	EndGlobalSection
	GlobalSection(ExtensibilityGlobals) = postSolution
		SolutionGuid = {BFE11E38-3D79-45F0-A8A7-33E8B1405B0F}
	EndGlobalSection
EndGlobal
